// !$*UTF8*$!
{
	archiveVersion = 1;
	classes = {
	};
	objectVersion = 48;
	objects = {

/* Begin PBXBuildFile section */
		D8C23A4E1FFE41C700FEB416 /* AppDelegate.swift in Sources */ = {isa = PBXBuildFile; fileRef = D8C23A4D1FFE41C700FEB416 /* AppDelegate.swift */; };
		D8C23A501FFE41C700FEB416 /* ViewController.swift in Sources */ = {isa = PBXBuildFile; fileRef = D8C23A4F1FFE41C700FEB416 /* ViewController.swift */; };
		D8C23A531FFE41C700FEB416 /* Main.storyboard in Resources */ = {isa = PBXBuildFile; fileRef = D8C23A511FFE41C700FEB416 /* Main.storyboard */; };
		D8C23A551FFE41C700FEB416 /* Assets.xcassets in Resources */ = {isa = PBXBuildFile; fileRef = D8C23A541FFE41C700FEB416 /* Assets.xcassets */; };
		D8C23A581FFE41C700FEB416 /* LaunchScreen.storyboard in Resources */ = {isa = PBXBuildFile; fileRef = D8C23A561FFE41C700FEB416 /* LaunchScreen.storyboard */; };
/* End PBXBuildFile section */

/* Begin PBXFileReference section */
		D8C23A4A1FFE41C700FEB416 /* Pulse1707App.app */ = {isa = PBXFileReference; explicitFileType = wrapper.application; includeInIndex = 0; path = Pulse1707App.app; sourceTree = BUILT_PRODUCTS_DIR; };
		D8C23A4D1FFE41C700FEB416 /* AppDelegate.swift */ = {isa = PBXFileReference; lastKnownFileType = sourcecode.swift; path = AppDelegate.swift; sourceTree = "<group>"; };
		D8C23A4F1FFE41C700FEB416 /* ViewController.swift */ = {isa = PBXFileReference; lastKnownFileType = sourcecode.swift; path = ViewController.swift; sourceTree = "<group>"; };
		D8C23A521FFE41C700FEB416 /* Base */ = {isa = PBXFileReference; lastKnownFileType = file.storyboard; name = Base; path = Base.lproj/Main.storyboard; sourceTree = "<group>"; };
		D8C23A541FFE41C700FEB416 /* Assets.xcassets */ = {isa = PBXFileReference; lastKnownFileType = folder.assetcatalog; path = Assets.xcassets; sourceTree = "<group>"; };
		D8C23A571FFE41C700FEB416 /* Base */ = {isa = PBXFileReference; lastKnownFileType = file.storyboard; name = Base; path = Base.lproj/LaunchScreen.storyboard; sourceTree = "<group>"; };
		D8C23A591FFE41C700FEB416 /* Info.plist */ = {isa = PBXFileReference; lastKnownFileType = text.plist.xml; path = Info.plist; sourceTree = "<group>"; };
/* End PBXFileReference section */

/* Begin PBXFrameworksBuildPhase section */
		D8C23A471FFE41C600FEB416 /* Frameworks */ = {
			isa = PBXFrameworksBuildPhase;
			buildActionMask = 2147483647;
			files = (
			);
			runOnlyForDeploymentPostprocessing = 0;
		};
/* End PBXFrameworksBuildPhase section */

/* Begin PBXGroup section */
		D8C23A411FFE41C600FEB416 = {
			isa = PBXGroup;
			children = (
				D8C23A4C1FFE41C700FEB416 /* Pulse1707App */,
				D8C23A4B1FFE41C700FEB416 /* Products */,
			);
			sourceTree = "<group>";
		};
		D8C23A4B1FFE41C700FEB416 /* Products */ = {
			isa = PBXGroup;
			children = (
				D8C23A4A1FFE41C700FEB416 /* Pulse1707App.app */,
			);
			name = Products;
			sourceTree = "<group>";
		};
		D8C23A4C1FFE41C700FEB416 /* Pulse1707App */ = {
			isa = PBXGroup;
			children = (
				D8C23A4D1FFE41C700FEB416 /* AppDelegate.swift */,
				D8C23A4F1FFE41C700FEB416 /* ViewController.swift */,
				D8C23A511FFE41C700FEB416 /* Main.storyboard */,
				D8C23A541FFE41C700FEB416 /* Assets.xcassets */,
				D8C23A561FFE41C700FEB416 /* LaunchScreen.storyboard */,
				D8C23A591FFE41C700FEB416 /* Info.plist */,
			);
			path = Pulse1707App;
			sourceTree = "<group>";
		};
/* End PBXGroup section */

/* Begin PBXNativeTarget section */
		D8C23A491FFE41C600FEB416 /* Pulse1707App */ = {
			isa = PBXNativeTarget;
			buildConfigurationList = D8C23A5C1FFE41C700FEB416 /* Build configuration list for PBXNativeTarget "Pulse1707App" */;
			buildPhases = (
				D8C23A461FFE41C600FEB416 /* Sources */,
				D8C23A471FFE41C600FEB416 /* Frameworks */,
				D8C23A481FFE41C600FEB416 /* Resources */,
			);
			buildRules = (
			);
			dependencies = (
			);
			name = Pulse1707App;
			productName = Pulse1707App;
			productReference = D8C23A4A1FFE41C700FEB416 /* Pulse1707App.app */;
			productType = "com.apple.product-type.application";
		};
/* End PBXNativeTarget section */

/* Begin PBXProject section */
		D8C23A421FFE41C600FEB416 /* Project object */ = {
			isa = PBXProject;
			attributes = {
				LastSwiftUpdateCheck = 0920;
				LastUpgradeCheck = 0920;
				ORGANIZATIONNAME = "Manjunadh Bommisetty";
				TargetAttributes = {
					D8C23A491FFE41C600FEB416 = {
						CreatedOnToolsVersion = 9.2;
						ProvisioningStyle = Automatic;
					};
				};
			};
			buildConfigurationList = D8C23A451FFE41C600FEB416 /* Build configuration list for PBXProject "Pulse1707App" */;
			compatibilityVersion = "Xcode 8.0";
			developmentRegion = en;
			hasScannedForEncodings = 0;
			knownRegions = (
				en,
				Base,
			);
			mainGroup = D8C23A411FFE41C600FEB416;
			productRefGroup = D8C23A4B1FFE41C700FEB416 /* Products */;
			projectDirPath = "";
			projectRoot = "";
			targets = (
				D8C23A491FFE41C600FEB416 /* Pulse1707App */,
			);
		};
/* End PBXProject section */

/* Begin PBXResourcesBuildPhase section */
		D8C23A481FFE41C600FEB416 /* Resources */ = {
			isa = PBXResourcesBuildPhase;
			buildActionMask = 2147483647;
			files = (
				D8C23A581FFE41C700FEB416 /* LaunchScreen.storyboard in Resources */,
				D8C23A551FFE41C700FEB416 /* Assets.xcassets in Resources */,
				D8C23A531FFE41C700FEB416 /* Main.storyboard in Resources */,
			);
			runOnlyForDeploymentPostprocessing = 0;
		};
/* End PBXResourcesBuildPhase section */

/* Begin PBXSourcesBuildPhase section */
		D8C23A461FFE41C600FEB416 /* Sources */ = {
			isa = PBXSourcesBuildPhase;
			buildActionMask = 2147483647;
			files = (
				D8C23A501FFE41C700FEB416 /* ViewController.swift in Sources */,
				D8C23A4E1FFE41C700FEB416 /* AppDelegate.swift in Sources */,
			);
			runOnlyForDeploymentPostprocessing = 0;
		};
/* End PBXSourcesBuildPhase section */

/* Begin PBXVariantGroup section */
		D8C23A511FFE41C700FEB416 /* Main.storyboard */ = {
			isa = PBXVariantGroup;
			children = (
				D8C23A521FFE41C700FEB416 /* Base */,
			);
			name = Main.storyboard;
			sourceTree = "<group>";
		};
		D8C23A561FFE41C700FEB416 /* LaunchScreen.storyboard */ = {
			isa = PBXVariantGroup;
			children = (
				D8C23A571FFE41C700FEB416 /* Base */,
			);
			name = LaunchScreen.storyboard;
			sourceTree = "<group>";
		};
/* End PBXVariantGroup section */

/* Begin XCBuildConfiguration section */
		D8C23A5A1FFE41C700FEB416 /* Debug */ = {
			isa = XCBuildConfiguration;
			buildSettings = {
				ALWAYS_SEARCH_USER_PATHS = NO;
				CLANG_ANALYZER_NONNULL = YES;
				CLANG_ANALYZER_NUMBER_OBJECT_CONVERSION = YES_AGGRESSIVE;
				CLANG_CXX_LANGUAGE_STANDARD = "gnu++14";
				CLANG_CXX_LIBRARY = "libc++";
				CLANG_ENABLE_MODULES = YES;
				CLANG_ENABLE_OBJC_ARC = YES;
				CLANG_WARN_BLOCK_CAPTURE_AUTORELEASING = YES;
				CLANG_WARN_BOOL_CONVERSION = YES;
				CLANG_WARN_COMMA = YES;
				CLANG_WARN_CONSTANT_CONVERSION = YES;
				CLANG_WARN_DIRECT_OBJC_ISA_USAGE = YES_ERROR;
				CLANG_WARN_DOCUMENTATION_COMMENTS = YES;
				CLANG_WARN_EMPTY_BODY = YES;
				CLANG_WARN_ENUM_CONVERSION = YES;
				CLANG_WARN_INFINITE_RECURSION = YES;
				CLANG_WARN_INT_CONVERSION = YES;
				CLANG_WARN_NON_LITERAL_NULL_CONVERSION = YES;
				CLANG_WARN_OBJC_LITERAL_CONVERSION = YES;
				CLANG_WARN_OBJC_ROOT_CLASS = YES_ERROR;
				CLANG_WARN_RANGE_LOOP_ANALYSIS = YES;
				CLANG_WARN_STRICT_PROTOTYPES = YES;
				CLANG_WARN_SUSPICIOUS_MOVE = YES;
				CLANG_WARN_UNGUARDED_AVAILABILITY = YES_AGGRESSIVE;
				CLANG_WARN_UNREACHABLE_CODE = YES;
				CLANG_WARN__DUPLICATE_METHOD_MATCH = YES;
				CODE_SIGN_IDENTITY = "iPhone Developer";
				COPY_PHASE_STRIP = NO;
				DEBUG_INFORMATION_FORMAT = dwarf;
				ENABLE_STRICT_OBJC_MSGSEND = YES;
				ENABLE_TESTABILITY = YES;
				GCC_C_LANGUAGE_STANDARD = gnu11;
				GCC_DYNAMIC_NO_PIC = NO;
				GCC_NO_COMMON_BLOCKS = YES;
				GCC_OPTIMIZATION_LEVEL = 0;
				GCC_PREPROCESSOR_DEFINITIONS = (
					"DEBUG=1",
					"$(inherited)",
				);
				GCC_WARN_64_TO_32_BIT_CONVERSION = YES;
				GCC_WARN_ABOUT_RETURN_TYPE = YES_ERROR;
				GCC_WARN_UNDECLARED_SELECTOR = YES;
				GCC_WARN_UNINITIALIZED_AUTOS = YES_AGGRESSIVE;
				GCC_WARN_UNUSED_FUNCTION = YES;
				GCC_WARN_UNUSED_VARIABLE = YES;
				IPHONEOS_DEPLOYMENT_TARGET = 11.2;
				MTL_ENABLE_DEBUG_INFO = YES;
				ONLY_ACTIVE_ARCH = YES;
				SDKROOT = iphoneos;
				SWIFT_ACTIVE_COMPILATION_CONDITIONS = DEBUG;
				SWIFT_OPTIMIZATION_LEVEL = "-Onone";
			};
			name = Debug;
		};
		D8C23A5B1FFE41C700FEB416 /* Release */ = {
			isa = XCBuildConfiguration;
			buildSettings = {
				ALWAYS_SEARCH_USER_PATHS = NO;
				CLANG_ANALYZER_NONNULL = YES;
				CLANG_ANALYZER_NUMBER_OBJECT_CONVERSION = YES_AGGRESSIVE;
				CLANG_CXX_LANGUAGE_STANDARD = "gnu++14";
				CLANG_CXX_LIBRARY = "libc++";
				CLANG_ENABLE_MODULES = YES;
				CLANG_ENABLE_OBJC_ARC = YES;
				CLANG_WARN_BLOCK_CAPTURE_AUTORELEASING = YES;
				CLANG_WARN_BOOL_CONVERSION = YES;
				CLANG_WARN_COMMA = YES;
				CLANG_WARN_CONSTANT_CONVERSION = YES;
				CLANG_WARN_DIRECT_OBJC_ISA_USAGE = YES_ERROR;
				CLANG_WARN_DOCUMENTATION_COMMENTS = YES;
				CLANG_WARN_EMPTY_BODY = YES;
				CLANG_WARN_ENUM_CONVERSION = YES;
				CLANG_WARN_INFINITE_RECURSION = YES;
				CLANG_WARN_INT_CONVERSION = YES;
				CLANG_WARN_NON_LITERAL_NULL_CONVERSION = YES;
				CLANG_WARN_OBJC_LITERAL_CONVERSION = YES;
				CLANG_WARN_OBJC_ROOT_CLASS = YES_ERROR;
				CLANG_WARN_RANGE_LOOP_ANALYSIS = YES;
				CLANG_WARN_STRICT_PROTOTYPES = YES;
				CLANG_WARN_SUSPICIOUS_MOVE = YES;
				CLANG_WARN_UNGUARDED_AVAILABILITY = YES_AGGRESSIVE;
				CLANG_WARN_UNREACHABLE_CODE = YES;
				CLANG_WARN__DUPLICATE_METHOD_MATCH = YES;
				CODE_SIGN_IDENTITY = "iPhone Developer";
				COPY_PHASE_STRIP = NO;
				DEBUG_INFORMATION_FORMAT = "dwarf-with-dsym";
				ENABLE_NS_ASSERTIONS = NO;
				ENABLE_STRICT_OBJC_MSGSEND = YES;
				GCC_C_LANGUAGE_STANDARD = gnu11;
				GCC_NO_COMMON_BLOCKS = YES;
				GCC_WARN_64_TO_32_BIT_CONVERSION = YES;
				GCC_WARN_ABOUT_RETURN_TYPE = YES_ERROR;
				GCC_WARN_UNDECLARED_SELECTOR = YES;
				GCC_WARN_UNINITIALIZED_AUTOS = YES_AGGRESSIVE;
				GCC_WARN_UNUSED_FUNCTION = YES;
				GCC_WARN_UNUSED_VARIABLE = YES;
				IPHONEOS_DEPLOYMENT_TARGET = 11.2;
				MTL_ENABLE_DEBUG_INFO = NO;
				SDKROOT = iphoneos;
				SWIFT_OPTIMIZATION_LEVEL = "-Owholemodule";
				VALIDATE_PRODUCT = YES;
			};
			name = Release;
		};
		D8C23A5D1FFE41C700FEB416 /* Debug */ = {
			isa = XCBuildConfiguration;
			buildSettings = {
				ASSETCATALOG_COMPILER_APPICON_NAME = AppIcon;
				CODE_SIGN_STYLE = Automatic;
				INFOPLIST_FILE = Pulse1707App/Info.plist;
				LD_RUNPATH_SEARCH_PATHS = "$(inherited) @executable_path/Frameworks";
				PRODUCT_BUNDLE_IDENTIFIER = BRN.Pulse1707App;
				PRODUCT_NAME = "$(TARGET_NAME)";
				SWIFT_VERSION = 4.0;
				TARGETED_DEVICE_FAMILY = "1,2";
			};
			name = Debug;
		};
		D8C23A5E1FFE41C700FEB416 /* Release */ = {
			isa = XCBuildConfiguration;
			buildSettings = {
				ASSETCATALOG_COMPILER_APPICON_NAME = AppIcon;
				CODE_SIGN_STYLE = Automatic;
				INFOPLIST_FILE = Pulse1707App/Info.plist;
				LD_RUNPATH_SEARCH_PATHS = "$(inherited) @executable_path/Frameworks";
				PRODUCT_BUNDLE_IDENTIFIER = BRN.Pulse1707App;
				PRODUCT_NAME = "$(TARGET_NAME)";
				SWIFT_VERSION = 4.0;
				TARGETED_DEVICE_FAMILY = "1,2";
			};
			name = Release;
		};
/* End XCBuildConfiguration section */

/* Begin XCConfigurationList section */
		D8C23A451FFE41C600FEB416 /* Build configuration list for PBXProject "Pulse1707App" */ = {
			isa = XCConfigurationList;
			buildConfigurations = (
				D8C23A5A1FFE41C700FEB416 /* Debug */,
				D8C23A5B1FFE41C700FEB416 /* Release */,
			);
			defaultConfigurationIsVisible = 0;
			defaultConfigurationName = Release;
		};
		D8C23A5C1FFE41C700FEB416 /* Build configuration list for PBXNativeTarget "Pulse1707App" */ = {
			isa = XCConfigurationList;
			buildConfigurations = (
				D8C23A5D1FFE41C700FEB416 /* Debug */,
				D8C23A5E1FFE41C700FEB416 /* Release */,
			);
			defaultConfigurationIsVisible = 0;
			defaultConfigurationName = Release;
		};
/* End XCConfigurationList section */
	};
	rootObject = D8C23A421FFE41C600FEB416 /* Project object */;
}
